// !$*UTF8*$!
{
	archiveVersion = 1;
	classes = {
	};
	objectVersion = 60;
	objects = {

/* Begin PBXBuildFile section */
		1D96D0BF685A56418473ECF0 /* Gloock-Regular.ttf in Resources */ = {isa = PBXBuildFile; fileRef = CFCD1982ADAE5C39B8D0BA6F /* Gloock-Regular.ttf */; };
		09EEE9A2F2055C9DA4AEA484 /* Kalam-Light.ttf in Resources */ = {isa = PBXBuildFile; fileRef = B8A3DCA034985C82BD8530BB /* Kalam-Light.ttf */; };
		B6958BF71DBD5135A2CB67E9 /* Kalam-Regular.ttf in Resources */ = {isa = PBXBuildFile; fileRef = 1DE1E9A72C0B5489B15CDC90 /* Kalam-Regular.ttf */; };
		5AC5301406DC50C0BFC7AF9C /* Kalam-Bold.ttf in Resources */ = {isa = PBXBuildFile; fileRef = 02D51579995751B894866B55 /* Kalam-Bold.ttf */; };
		2899CA12A665561993DA9694 /* Caveat-Regular.ttf in Resources */ = {isa = PBXBuildFile; fileRef = 1A756C0C969452159ADD6A78 /* Caveat-Regular.ttf */; };
		853B09A3662D5035A5BEB9A9 /* Caveat-Bold.ttf in Resources */ = {isa = PBXBuildFile; fileRef = 4E4EEAEA53555374914DD14E /* Caveat-Bold.ttf */; };
		EA7042EE031D5DA69D6068BA /* DMMono-Regular.ttf in Resources */ = {isa = PBXBuildFile; fileRef = F828353CF317528C8EFC5FFD /* DMMono-Regular.ttf */; };
		F08D3EBBAE3150908EF7A20D /* DMMono-Medium.ttf in Resources */ = {isa = PBXBuildFile; fileRef = EF53327859125DB1BFEF31D9 /* DMMono-Medium.ttf */; };
		33CB3CB46B725FE2B1FA92C7 /* DMMono-Light.ttf in Resources */ = {isa = PBXBuildFile; fileRef = 19B46C3FCB8255AF94A2EE6C /* DMMono-Light.ttf */; };
		D100000000000000000000D1 /* SpoolAppEntry.swift in Sources */ = {isa = PBXBuildFile; fileRef = D100000000000000000000D0 /* SpoolAppEntry.swift */; };
		D100000000000000000000F2 /* Spool in Frameworks */ = {isa = PBXBuildFile; productRef = D100000000000000000000F1 /* Spool */; };
/* End PBXBuildFile section */

/* Begin PBXFileReference section */
		CFCD1982ADAE5C39B8D0BA6F /* Gloock-Regular.ttf */ = {isa = PBXFileReference; lastKnownFileType = file; path = "Gloock-Regular.ttf"; sourceTree = "<group>"; };
		B8A3DCA034985C82BD8530BB /* Kalam-Light.ttf */ = {isa = PBXFileReference; lastKnownFileType = file; path = "Kalam-Light.ttf"; sourceTree = "<group>"; };
		1DE1E9A72C0B5489B15CDC90 /* Kalam-Regular.ttf */ = {isa = PBXFileReference; lastKnownFileType = file; path = "Kalam-Regular.ttf"; sourceTree = "<group>"; };
		02D51579995751B894866B55 /* Kalam-Bold.ttf */ = {isa = PBXFileReference; lastKnownFileType = file; path = "Kalam-Bold.ttf"; sourceTree = "<group>"; };
		1A756C0C969452159ADD6A78 /* Caveat-Regular.ttf */ = {isa = PBXFileReference; lastKnownFileType = file; path = "Caveat-Regular.ttf"; sourceTree = "<group>"; };
		4E4EEAEA53555374914DD14E /* Caveat-Bold.ttf */ = {isa = PBXFileReference; lastKnownFileType = file; path = "Caveat-Bold.ttf"; sourceTree = "<group>"; };
		F828353CF317528C8EFC5FFD /* DMMono-Regular.ttf */ = {isa = PBXFileReference; lastKnownFileType = file; path = "DMMono-Regular.ttf"; sourceTree = "<group>"; };
		EF53327859125DB1BFEF31D9 /* DMMono-Medium.ttf */ = {isa = PBXFileReference; lastKnownFileType = file; path = "DMMono-Medium.ttf"; sourceTree = "<group>"; };
		19B46C3FCB8255AF94A2EE6C /* DMMono-Light.ttf */ = {isa = PBXFileReference; lastKnownFileType = file; path = "DMMono-Light.ttf"; sourceTree = "<group>"; };
		D100000000000000000000B1 /* SpoolApp.app */ = {isa = PBXFileReference; explicitFileType = wrapper.application; includeInIndex = 0; path = SpoolApp.app; sourceTree = BUILT_PRODUCTS_DIR; };
		D100000000000000000000D0 /* SpoolAppEntry.swift */ = {isa = PBXFileReference; lastKnownFileType = sourcecode.swift; path = SpoolAppEntry.swift; sourceTree = "<group>"; };
		D100000000000000000000D2 /* Info.plist */ = {isa = PBXFileReference; lastKnownFileType = text.plist.xml; path = Info.plist; sourceTree = "<group>"; };
		D100000000000000000000F3 /* Secrets.xcconfig */ = {isa = PBXFileReference; lastKnownFileType = text.xcconfig; path = Secrets.xcconfig; sourceTree = "<group>"; };
		D100000000000000000000F4 /* Secrets.example.xcconfig */ = {isa = PBXFileReference; lastKnownFileType = text.xcconfig; path = Secrets.example.xcconfig; sourceTree = "<group>"; };
/* End PBXFileReference section */

/* Begin PBXFrameworksBuildPhase section */
		D100000000000000000000C1 /* Frameworks */ = {
			isa = PBXFrameworksBuildPhase;
			buildActionMask = 2147483647;
			files = (
				D100000000000000000000F2 /* Spool in Frameworks */,
			);
			runOnlyForDeploymentPostprocessing = 0;
		};
/* End PBXFrameworksBuildPhase section */

/* Begin PBXGroup section */
		D100000000000000000000A1 /* / */ = {
			isa = PBXGroup;
			children = (
				D100000000000000000000F3 /* Secrets.xcconfig */,
				D100000000000000000000F4 /* Secrets.example.xcconfig */,
				D100000000000000000000A3 /* SpoolApp */,
				D100000000000000000000A2 /* Products */,
			);
			sourceTree = "<group>";
		};
		D100000000000000000000A2 /* Products */ = {
			isa = PBXGroup;
			children = (
				D100000000000000000000B1 /* SpoolApp.app */,
			);
			name = Products;
			sourceTree = "<group>";
		};
		D100000000000000000000A3 /* SpoolApp */ = {
			isa = PBXGroup;
			children = (
				D100000000000000000000D0 /* SpoolAppEntry.swift */,
				D100000000000000000000D2 /* Info.plist */,
				EDD07221D4E656AEB85F0216 /* Fonts */,
			);
			path = SpoolApp;
			sourceTree = "<group>";
		};
		EDD07221D4E656AEB85F0216 /* Fonts */ = {
			isa = PBXGroup;
			children = (
				CFCD1982ADAE5C39B8D0BA6F /* Gloock-Regular.ttf */,
				B8A3DCA034985C82BD8530BB /* Kalam-Light.ttf */,
				1DE1E9A72C0B5489B15CDC90 /* Kalam-Regular.ttf */,
				02D51579995751B894866B55 /* Kalam-Bold.ttf */,
				1A756C0C969452159ADD6A78 /* Caveat-Regular.ttf */,
				4E4EEAEA53555374914DD14E /* Caveat-Bold.ttf */,
				F828353CF317528C8EFC5FFD /* DMMono-Regular.ttf */,
				EF53327859125DB1BFEF31D9 /* DMMono-Medium.ttf */,
				19B46C3FCB8255AF94A2EE6C /* DMMono-Light.ttf */,
			);
			path = Fonts;
			sourceTree = "<group>";
		};
/* End PBXGroup section */

/* Begin PBXNativeTarget section */
		D100000000000000000000B0 /* SpoolApp */ = {
			isa = PBXNativeTarget;
			buildConfigurationList = D100000000000000000000E1 /* Build configuration list for PBXNativeTarget "SpoolApp" */;
			buildPhases = (
				D100000000000000000000C0 /* Sources */,
				D100000000000000000000C1 /* Frameworks */,
				D100000000000000000000C2 /* Resources */,
			);
			buildRules = (
			);
			dependencies = (
			);
			name = SpoolApp;
			packageProductDependencies = (
				D100000000000000000000F1 /* Spool */,
			);
			productName = SpoolApp;
			productReference = D100000000000000000000B1 /* SpoolApp.app */;
			productType = "com.apple.product-type.application";
		};
/* End PBXNativeTarget section */

/* Begin PBXProject section */
		D100000000000000000000A0 /* Project object */ = {
			isa = PBXProject;
			attributes = {
				BuildIndependentTargetsInParallel = 1;
				LastSwiftUpdateCheck = 1500;
				LastUpgradeCheck = 1500;
				TargetAttributes = {
					D100000000000000000000B0 = {
						CreatedOnToolsVersion = 15.0;
					};
				};
			};
			buildConfigurationList = D100000000000000000000E0 /* Build configuration list for PBXProject "SpoolApp" */;
			compatibilityVersion = "Xcode 14.0";
			developmentRegion = en;
			hasScannedForEncodings = 0;
			knownRegions = (
				en,
				Base,
			);
			mainGroup = D100000000000000000000A1;
			packageReferences = (
				D100000000000000000000F0 /* XCLocalSwiftPackageReference "../Spool" */,
			);
			productRefGroup = D100000000000000000000A2 /* Products */;
			projectDirPath = "";
			projectRoot = "";
			targets = (
				D100000000000000000000B0 /* SpoolApp */,
			);
		};
/* End PBXProject section */

/* Begin PBXResourcesBuildPhase section */
		D100000000000000000000C2 /* Resources */ = {
			isa = PBXResourcesBuildPhase;
			buildActionMask = 2147483647;
			files = (
				1D96D0BF685A56418473ECF0 /* Gloock-Regular.ttf in Resources */,
				09EEE9A2F2055C9DA4AEA484 /* Kalam-Light.ttf in Resources */,
				B6958BF71DBD5135A2CB67E9 /* Kalam-Regular.ttf in Resources */,
				5AC5301406DC50C0BFC7AF9C /* Kalam-Bold.ttf in Resources */,
				2899CA12A665561993DA9694 /* Caveat-Regular.ttf in Resources */,
				853B09A3662D5035A5BEB9A9 /* Caveat-Bold.ttf in Resources */,
				EA7042EE031D5DA69D6068BA /* DMMono-Regular.ttf in Resources */,
				F08D3EBBAE3150908EF7A20D /* DMMono-Medium.ttf in Resources */,
				33CB3CB46B725FE2B1FA92C7 /* DMMono-Light.ttf in Resources */,
			);
			runOnlyForDeploymentPostprocessing = 0;
		};
/* End PBXResourcesBuildPhase section */

/* Begin PBXSourcesBuildPhase section */
		D100000000000000000000C0 /* Sources */ = {
			isa = PBXSourcesBuildPhase;
			buildActionMask = 2147483647;
			files = (
				D100000000000000000000D1 /* SpoolAppEntry.swift in Sources */,
			);
			runOnlyForDeploymentPostprocessing = 0;
		};
/* End PBXSourcesBuildPhase section */

/* Begin XCBuildConfiguration section */
		D100000000000000000000E2 /* Debug */ = {
			isa = XCBuildConfiguration;
			buildSettings = {
				ALWAYS_SEARCH_USER_PATHS = NO;
				CLANG_ANALYZER_NONNULL = YES;
				CLANG_ENABLE_MODULES = YES;
				CLANG_ENABLE_OBJC_ARC = YES;
				CLANG_ENABLE_OBJC_WEAK = YES;
				COPY_PHASE_STRIP = NO;
				DEBUG_INFORMATION_FORMAT = dwarf;
				ENABLE_STRICT_OBJC_MSGSEND = YES;
				ENABLE_TESTABILITY = YES;
				GCC_C_LANGUAGE_STANDARD = gnu17;
				GCC_DYNAMIC_NO_PIC = NO;
				GCC_NO_COMMON_BLOCKS = YES;
				GCC_OPTIMIZATION_LEVEL = 0;
				GCC_PREPROCESSOR_DEFINITIONS = (
					"DEBUG=1",
					"$(inherited)",
				);
				IPHONEOS_DEPLOYMENT_TARGET = 16.0;
				MTL_ENABLE_DEBUG_INFO = INCLUDE_SOURCE;
				MTL_FAST_MATH = YES;
				ONLY_ACTIVE_ARCH = YES;
				SDKROOT = iphoneos;
				SWIFT_ACTIVE_COMPILATION_CONDITIONS = "DEBUG $(inherited)";
				SWIFT_OPTIMIZATION_LEVEL = "-Onone";
			};
			name = Debug;
		};
		D100000000000000000000E3 /* Release */ = {
			isa = XCBuildConfiguration;
			buildSettings = {
				ALWAYS_SEARCH_USER_PATHS = NO;
				CLANG_ANALYZER_NONNULL = YES;
				CLANG_ENABLE_MODULES = YES;
				CLANG_ENABLE_OBJC_ARC = YES;
				CLANG_ENABLE_OBJC_WEAK = YES;
				COPY_PHASE_STRIP = NO;
				DEBUG_INFORMATION_FORMAT = "dwarf-with-dsym";
				ENABLE_NS_ASSERTIONS = NO;
				ENABLE_STRICT_OBJC_MSGSEND = YES;
				GCC_C_LANGUAGE_STANDARD = gnu17;
				GCC_NO_COMMON_BLOCKS = YES;
				IPHONEOS_DEPLOYMENT_TARGET = 16.0;
				MTL_ENABLE_DEBUG_INFO = NO;
				MTL_FAST_MATH = YES;
				SDKROOT = iphoneos;
				SWIFT_COMPILATION_MODE = wholemodule;
				VALIDATE_PRODUCT = YES;
			};
			name = Release;
		};
		D100000000000000000000E4 /* Debug */ = {
			isa = XCBuildConfiguration;
			baseConfigurationReference = D100000000000000000000F3 /* Secrets.xcconfig */;
			buildSettings = {
				ASSETCATALOG_COMPILER_APPICON_NAME = AppIcon;
				ASSETCATALOG_COMPILER_GLOBAL_ACCENT_COLOR_NAME = AccentColor;
				CODE_SIGN_STYLE = Automatic;
				CURRENT_PROJECT_VERSION = 1;
				ENABLE_PREVIEWS = YES;
				INFOPLIST_FILE = SpoolApp/Info.plist;
				IPHONEOS_DEPLOYMENT_TARGET = 16.0;
				LD_RUNPATH_SEARCH_PATHS = (
					"$(inherited)",
					"@executable_path/Frameworks",
				);
				MARKETING_VERSION = 1.0;
				PRODUCT_BUNDLE_IDENTIFIER = com.spool.app;
				PRODUCT_NAME = "$(TARGET_NAME)";
				SWIFT_EMIT_LOC_STRINGS = YES;
				SWIFT_VERSION = 5.0;
				TARGETED_DEVICE_FAMILY = "1,2";
			};
			name = Debug;
		};
		D100000000000000000000E5 /* Release */ = {
			isa = XCBuildConfiguration;
			baseConfigurationReference = D100000000000000000000F3 /* Secrets.xcconfig */;
			buildSettings = {
				ASSETCATALOG_COMPILER_APPICON_NAME = AppIcon;
				ASSETCATALOG_COMPILER_GLOBAL_ACCENT_COLOR_NAME = AccentColor;
				CODE_SIGN_STYLE = Automatic;
				CURRENT_PROJECT_VERSION = 1;
				ENABLE_PREVIEWS = YES;
				INFOPLIST_FILE = SpoolApp/Info.plist;
				IPHONEOS_DEPLOYMENT_TARGET = 16.0;
				LD_RUNPATH_SEARCH_PATHS = (
					"$(inherited)",
					"@executable_path/Frameworks",
				);
				MARKETING_VERSION = 1.0;
				PRODUCT_BUNDLE_IDENTIFIER = com.spool.app;
				PRODUCT_NAME = "$(TARGET_NAME)";
				SWIFT_EMIT_LOC_STRINGS = YES;
				SWIFT_VERSION = 5.0;
				TARGETED_DEVICE_FAMILY = "1,2";
			};
			name = Release;
		};
/* End XCBuildConfiguration section */

/* Begin XCConfigurationList section */
		D100000000000000000000E0 /* Build configuration list for PBXProject "SpoolApp" */ = {
			isa = XCConfigurationList;
			buildConfigurations = (
				D100000000000000000000E2 /* Debug */,
				D100000000000000000000E3 /* Release */,
			);
			defaultConfigurationIsVisible = 0;
			defaultConfigurationName = Release;
		};
		D100000000000000000000E1 /* Build configuration list for PBXNativeTarget "SpoolApp" */ = {
			isa = XCConfigurationList;
			buildConfigurations = (
				D100000000000000000000E4 /* Debug */,
				D100000000000000000000E5 /* Release */,
			);
			defaultConfigurationIsVisible = 0;
			defaultConfigurationName = Release;
		};
/* End XCConfigurationList section */

/* Begin XCLocalSwiftPackageReference section */
		D100000000000000000000F0 /* XCLocalSwiftPackageReference "../Spool" */ = {
			isa = XCLocalSwiftPackageReference;
			relativePath = ../Spool;
		};
/* End XCLocalSwiftPackageReference section */

/* Begin XCSwiftPackageProductDependency section */
		D100000000000000000000F1 /* Spool */ = {
			isa = XCSwiftPackageProductDependency;
			productName = Spool;
		};
/* End XCSwiftPackageProductDependency section */
	};
	rootObject = D100000000000000000000A0 /* Project object */;
}
